
Microsoft Visual Studio Solution File, Format Version 12.00
# Visual Studio 15
VisualStudioVersion = 15.0.28307.329
MinimumVisualStudioVersion = 10.0.40219.1
Project("{FAE04EC0-301F-11D3-BF4B-00C04F79EFBC}") = "currencyConverter", "currencyConverter\currencyConverter.csproj", "{5450BFE1-EDD5-480C-84E7-88C912400D3C}"
EndProject
Global
	GlobalSection(SolutionConfigurationPlatforms) = preSolution
		Debug|Any CPU = Debug|Any CPU
		Release|Any CPU = Release|Any CPU
	EndGlobalSection
	GlobalSection(ProjectConfigurationPlatforms) = postSolution
		{5450BFE1-EDD5-480C-84E7-88C912400D3C}.Debug|Any CPU.ActiveCfg = Debug|Any CPU
		{5450BFE1-EDD5-480C-84E7-88C912400D3C}.Debug|Any CPU.Build.0 = Debug|Any CPU
		{5450BFE1-EDD5-480C-84E7-88C912400D3C}.Release|Any CPU.ActiveCfg = Release|Any CPU
		{5450BFE1-EDD5-480C-84E7-88C912400D3C}.Release|Any CPU.Build.0 = Release|Any CPU
	EndGlobalSection
	GlobalSection(SolutionProperties) = preSolution
		HideSolutionNode = FALSE
	EndGlobalSection
	GlobalSection(ExtensibilityGlobals) = postSolution
		SolutionGuid = {6881490E-93A0-42B1-8F51-744601CE9FDF}
	EndGlobalSection
EndGlobal
