
Microsoft Visual Studio Solution File, Format Version 12.00
# Visual Studio 15
VisualStudioVersion = 15.0.28307.329
MinimumVisualStudioVersion = 10.0.40219.1
Project("{FAE04EC0-301F-11D3-BF4B-00C04F79EFBC}") = "MatchingPairsGame", "MatchingPairsGame\MatchingPairsGame.csproj", "{B125A7BE-B9B3-49F7-B672-C8D66CB9D28C}"
EndProject
Global
	GlobalSection(SolutionConfigurationPlatforms) = preSolution
		Debug|Any CPU = Debug|Any CPU
		Release|Any CPU = Release|Any CPU
	EndGlobalSection
	GlobalSection(ProjectConfigurationPlatforms) = postSolution
		{B125A7BE-B9B3-49F7-B672-C8D66CB9D28C}.Debug|Any CPU.ActiveCfg = Debug|Any CPU
		{B125A7BE-B9B3-49F7-B672-C8D66CB9D28C}.Debug|Any CPU.Build.0 = Debug|Any CPU
		{B125A7BE-B9B3-49F7-B672-C8D66CB9D28C}.Release|Any CPU.ActiveCfg = Release|Any CPU
		{B125A7BE-B9B3-49F7-B672-C8D66CB9D28C}.Release|Any CPU.Build.0 = Release|Any CPU
	EndGlobalSection
	GlobalSection(SolutionProperties) = preSolution
		HideSolutionNode = FALSE
	EndGlobalSection
	GlobalSection(ExtensibilityGlobals) = postSolution
		SolutionGuid = {F9DF14A3-F227-44AD-8D98-964EE7501A6E}
	EndGlobalSection
EndGlobal
